
Microsoft Visual Studio Solution File, Format Version 12.00
# Visual Studio Version 17
VisualStudioVersion = 17.4.33213.308
MinimumVisualStudioVersion = 10.0.40219.1
Project("{FAE04EC0-301F-11D3-BF4B-00C04F79EFBC}") = "angular-demo", "angular-demo\angular-demo.csproj", "{F7FF37B6-50EF-4336-8F01-D56653F3CEE8}"
EndProject
Global
	GlobalSection(SolutionConfigurationPlatforms) = preSolution
		Debug|Any CPU = Debug|Any CPU
		Release|Any CPU = Release|Any CPU
	EndGlobalSection
	GlobalSection(ProjectConfigurationPlatforms) = postSolution
		{F7FF37B6-50EF-4336-8F01-D56653F3CEE8}.Debug|Any CPU.ActiveCfg = Debug|Any CPU
		{F7FF37B6-50EF-4336-8F01-D56653F3CEE8}.Debug|Any CPU.Build.0 = Debug|Any CPU
		{F7FF37B6-50EF-4336-8F01-D56653F3CEE8}.Release|Any CPU.ActiveCfg = Release|Any CPU
		{F7FF37B6-50EF-4336-8F01-D56653F3CEE8}.Release|Any CPU.Build.0 = Release|Any CPU
	EndGlobalSection
	GlobalSection(SolutionProperties) = preSolution
		HideSolutionNode = FALSE
	EndGlobalSection
	GlobalSection(ExtensibilityGlobals) = postSolution
		SolutionGuid = {292939A5-858F-40AF-A92F-96E0FF9850BD}
	EndGlobalSection
EndGlobal
